// !$*UTF8*$!
{
	archiveVersion = 1;
	classes = {
	};
	objectVersion = 46;
	objects = {

/* Begin PBXBuildFile section */
		70163A271DC720290025DAD7 /* SLViewController.m in Sources */ = {isa = PBXBuildFile; fileRef = 70163A261DC720290025DAD7 /* SLViewController.m */; };
		70163A2A1DC723230025DAD7 /* UIColor+iCode.m in Sources */ = {isa = PBXBuildFile; fileRef = 70163A291DC723230025DAD7 /* UIColor+iCode.m */; };
		705E11151DC4BC1F007A6795 /* UserInfoTableViewCell.m in Sources */ = {isa = PBXBuildFile; fileRef = 705E11131DC4BC1F007A6795 /* UserInfoTableViewCell.m */; };
		705E11161DC4BC1F007A6795 /* UserInfoTableViewCell.xib in Resources */ = {isa = PBXBuildFile; fileRef = 705E11141DC4BC1F007A6795 /* UserInfoTableViewCell.xib */; };
		705E111A1DC4C018007A6795 /* NomalTableViewCell.m in Sources */ = {isa = PBXBuildFile; fileRef = 705E11181DC4C018007A6795 /* NomalTableViewCell.m */; };
		705E111B1DC4C018007A6795 /* NomalTableViewCell.xib in Resources */ = {isa = PBXBuildFile; fileRef = 705E11191DC4C018007A6795 /* NomalTableViewCell.xib */; };
		70A6D55B1DC49BB800D8BC1D /* LoginViewController.m in Sources */ = {isa = PBXBuildFile; fileRef = 70A6D55A1DC49BB800D8BC1D /* LoginViewController.m */; };
		B3019F581DC48C390062CF35 /* main.m in Sources */ = {isa = PBXBuildFile; fileRef = B3019F571DC48C390062CF35 /* main.m */; };
		B3019F5B1DC48C390062CF35 /* AppDelegate.m in Sources */ = {isa = PBXBuildFile; fileRef = B3019F5A1DC48C390062CF35 /* AppDelegate.m */; };
		B3019F611DC48C390062CF35 /* Main.storyboard in Resources */ = {isa = PBXBuildFile; fileRef = B3019F5F1DC48C390062CF35 /* Main.storyboard */; };
		B3019F631DC48C390062CF35 /* Assets.xcassets in Resources */ = {isa = PBXBuildFile; fileRef = B3019F621DC48C390062CF35 /* Assets.xcassets */; };
		B3019F661DC48C390062CF35 /* LaunchScreen.storyboard in Resources */ = {isa = PBXBuildFile; fileRef = B3019F641DC48C390062CF35 /* LaunchScreen.storyboard */; };
		B3019F701DC48C8C0062CF35 /* UIImage+image.m in Sources */ = {isa = PBXBuildFile; fileRef = B3019F6F1DC48C8C0062CF35 /* UIImage+image.m */; };
		B3019F731DC48CD50062CF35 /* LJTaBar.m in Sources */ = {isa = PBXBuildFile; fileRef = B3019F721DC48CD50062CF35 /* LJTaBar.m */; };
		B3019F761DC48D190062CF35 /* LJTabBarController.m in Sources */ = {isa = PBXBuildFile; fileRef = B3019F751DC48D190062CF35 /* LJTabBarController.m */; };
		B3019F7D1DC48F730062CF35 /* MeViewController.m in Sources */ = {isa = PBXBuildFile; fileRef = B3019F7C1DC48F730062CF35 /* MeViewController.m */; };
		B3019F801DC48FE40062CF35 /* CodeViewController.m in Sources */ = {isa = PBXBuildFile; fileRef = B3019F7F1DC48FE40062CF35 /* CodeViewController.m */; };
		B3019F831DC48FEF0062CF35 /* LiveViewController.m in Sources */ = {isa = PBXBuildFile; fileRef = B3019F821DC48FEF0062CF35 /* LiveViewController.m */; };
		B3019F861DC4900A0062CF35 /* IMViewController.m in Sources */ = {isa = PBXBuildFile; fileRef = B3019F851DC4900A0062CF35 /* IMViewController.m */; };
		B33909B41DC5E58800E6E3F5 /* ProgressHUD.bundle in Resources */ = {isa = PBXBuildFile; fileRef = B33909B11DC5E58800E6E3F5 /* ProgressHUD.bundle */; };
		B33909B51DC5E58800E6E3F5 /* ProgressHUD.m in Sources */ = {isa = PBXBuildFile; fileRef = B33909B31DC5E58800E6E3F5 /* ProgressHUD.m */; };
		D8823B94B7821388570A3A0F /* libPods-iCode.a in Frameworks */ = {isa = PBXBuildFile; fileRef = FCB6F4ADBF1AC4B27C9E3A61 /* libPods-iCode.a */; };
		EFBCB0B31DC6015C0029648E /* UserInfoViewController.m in Sources */ = {isa = PBXBuildFile; fileRef = EFBCB0B21DC6015C0029648E /* UserInfoViewController.m */; };
		EFBCB0B71DC602350029648E /* IconTableViewCell.m in Sources */ = {isa = PBXBuildFile; fileRef = EFBCB0B51DC602350029648E /* IconTableViewCell.m */; };
		EFBCB0B81DC602350029648E /* IconTableViewCell.xib in Resources */ = {isa = PBXBuildFile; fileRef = EFBCB0B61DC602350029648E /* IconTableViewCell.xib */; };
		EFD7DF521DC4F6A0004022D8 /* dataArr.plist in Resources */ = {isa = PBXBuildFile; fileRef = EFD7DF511DC4F6A0004022D8 /* dataArr.plist */; };
		EFD7DF631DC4FADA004022D8 /* MeMenu.m in Sources */ = {isa = PBXBuildFile; fileRef = EFD7DF621DC4FADA004022D8 /* MeMenu.m */; };
/* End PBXBuildFile section */

/* Begin PBXFileReference section */
		398143BAC19E9D699849AE46 /* Pods-iCode.release.xcconfig */ = {isa = PBXFileReference; includeInIndex = 1; lastKnownFileType = text.xcconfig; name = "Pods-iCode.release.xcconfig"; path = "Pods/Target Support Files/Pods-iCode/Pods-iCode.release.xcconfig"; sourceTree = "<group>"; };
		70163A251DC720290025DAD7 /* SLViewController.h */ = {isa = PBXFileReference; fileEncoding = 4; lastKnownFileType = sourcecode.c.h; path = SLViewController.h; sourceTree = "<group>"; };
		70163A261DC720290025DAD7 /* SLViewController.m */ = {isa = PBXFileReference; fileEncoding = 4; lastKnownFileType = sourcecode.c.objc; path = SLViewController.m; sourceTree = "<group>"; };
		70163A281DC723230025DAD7 /* UIColor+iCode.h */ = {isa = PBXFileReference; fileEncoding = 4; lastKnownFileType = sourcecode.c.h; path = "UIColor+iCode.h"; sourceTree = "<group>"; };
		70163A291DC723230025DAD7 /* UIColor+iCode.m */ = {isa = PBXFileReference; fileEncoding = 4; lastKnownFileType = sourcecode.c.objc; path = "UIColor+iCode.m"; sourceTree = "<group>"; };
		705E11121DC4BC1F007A6795 /* UserInfoTableViewCell.h */ = {isa = PBXFileReference; fileEncoding = 4; lastKnownFileType = sourcecode.c.h; path = UserInfoTableViewCell.h; sourceTree = "<group>"; };
		705E11131DC4BC1F007A6795 /* UserInfoTableViewCell.m */ = {isa = PBXFileReference; fileEncoding = 4; lastKnownFileType = sourcecode.c.objc; path = UserInfoTableViewCell.m; sourceTree = "<group>"; };
		705E11141DC4BC1F007A6795 /* UserInfoTableViewCell.xib */ = {isa = PBXFileReference; fileEncoding = 4; lastKnownFileType = file.xib; path = UserInfoTableViewCell.xib; sourceTree = "<group>"; };
		705E11171DC4C018007A6795 /* NomalTableViewCell.h */ = {isa = PBXFileReference; fileEncoding = 4; lastKnownFileType = sourcecode.c.h; path = NomalTableViewCell.h; sourceTree = "<group>"; };
		705E11181DC4C018007A6795 /* NomalTableViewCell.m */ = {isa = PBXFileReference; fileEncoding = 4; lastKnownFileType = sourcecode.c.objc; path = NomalTableViewCell.m; sourceTree = "<group>"; };
		705E11191DC4C018007A6795 /* NomalTableViewCell.xib */ = {isa = PBXFileReference; fileEncoding = 4; lastKnownFileType = file.xib; path = NomalTableViewCell.xib; sourceTree = "<group>"; };
		70A6D5591DC49BB800D8BC1D /* LoginViewController.h */ = {isa = PBXFileReference; fileEncoding = 4; lastKnownFileType = sourcecode.c.h; path = LoginViewController.h; sourceTree = "<group>"; };
		70A6D55A1DC49BB800D8BC1D /* LoginViewController.m */ = {isa = PBXFileReference; fileEncoding = 4; lastKnownFileType = sourcecode.c.objc; path = LoginViewController.m; sourceTree = "<group>"; };
		A4615F70D2BBE6A2ADFD15FB /* Pods-iCode.debug.xcconfig */ = {isa = PBXFileReference; includeInIndex = 1; lastKnownFileType = text.xcconfig; name = "Pods-iCode.debug.xcconfig"; path = "Pods/Target Support Files/Pods-iCode/Pods-iCode.debug.xcconfig"; sourceTree = "<group>"; };
		B3019F531DC48C390062CF35 /* iCode.app */ = {isa = PBXFileReference; explicitFileType = wrapper.application; includeInIndex = 0; path = iCode.app; sourceTree = BUILT_PRODUCTS_DIR; };
		B3019F571DC48C390062CF35 /* main.m */ = {isa = PBXFileReference; lastKnownFileType = sourcecode.c.objc; path = main.m; sourceTree = "<group>"; };
		B3019F591DC48C390062CF35 /* AppDelegate.h */ = {isa = PBXFileReference; lastKnownFileType = sourcecode.c.h; path = AppDelegate.h; sourceTree = "<group>"; };
		B3019F5A1DC48C390062CF35 /* AppDelegate.m */ = {isa = PBXFileReference; lastKnownFileType = sourcecode.c.objc; path = AppDelegate.m; sourceTree = "<group>"; };
		B3019F601DC48C390062CF35 /* Base */ = {isa = PBXFileReference; lastKnownFileType = file.storyboard; name = Base; path = Base.lproj/Main.storyboard; sourceTree = "<group>"; };
		B3019F621DC48C390062CF35 /* Assets.xcassets */ = {isa = PBXFileReference; lastKnownFileType = folder.assetcatalog; path = Assets.xcassets; sourceTree = "<group>"; };
		B3019F651DC48C390062CF35 /* Base */ = {isa = PBXFileReference; lastKnownFileType = file.storyboard; name = Base; path = Base.lproj/LaunchScreen.storyboard; sourceTree = "<group>"; };
		B3019F671DC48C390062CF35 /* Info.plist */ = {isa = PBXFileReference; lastKnownFileType = text.plist.xml; path = Info.plist; sourceTree = "<group>"; };
		B3019F6E1DC48C8C0062CF35 /* UIImage+image.h */ = {isa = PBXFileReference; fileEncoding = 4; lastKnownFileType = sourcecode.c.h; path = "UIImage+image.h"; sourceTree = "<group>"; };
		B3019F6F1DC48C8C0062CF35 /* UIImage+image.m */ = {isa = PBXFileReference; fileEncoding = 4; lastKnownFileType = sourcecode.c.objc; path = "UIImage+image.m"; sourceTree = "<group>"; };
		B3019F711DC48CD50062CF35 /* LJTaBar.h */ = {isa = PBXFileReference; fileEncoding = 4; lastKnownFileType = sourcecode.c.h; path = LJTaBar.h; sourceTree = "<group>"; };
		B3019F721DC48CD50062CF35 /* LJTaBar.m */ = {isa = PBXFileReference; fileEncoding = 4; lastKnownFileType = sourcecode.c.objc; path = LJTaBar.m; sourceTree = "<group>"; };
		B3019F741DC48D190062CF35 /* LJTabBarController.h */ = {isa = PBXFileReference; fileEncoding = 4; lastKnownFileType = sourcecode.c.h; path = LJTabBarController.h; sourceTree = "<group>"; };
		B3019F751DC48D190062CF35 /* LJTabBarController.m */ = {isa = PBXFileReference; fileEncoding = 4; lastKnownFileType = sourcecode.c.objc; path = LJTabBarController.m; sourceTree = "<group>"; };
		B3019F7B1DC48F730062CF35 /* MeViewController.h */ = {isa = PBXFileReference; fileEncoding = 4; lastKnownFileType = sourcecode.c.h; path = MeViewController.h; sourceTree = "<group>"; };
		B3019F7C1DC48F730062CF35 /* MeViewController.m */ = {isa = PBXFileReference; fileEncoding = 4; lastKnownFileType = sourcecode.c.objc; path = MeViewController.m; sourceTree = "<group>"; };
		B3019F7E1DC48FE40062CF35 /* CodeViewController.h */ = {isa = PBXFileReference; fileEncoding = 4; lastKnownFileType = sourcecode.c.h; path = CodeViewController.h; sourceTree = "<group>"; };
		B3019F7F1DC48FE40062CF35 /* CodeViewController.m */ = {isa = PBXFileReference; fileEncoding = 4; lastKnownFileType = sourcecode.c.objc; path = CodeViewController.m; sourceTree = "<group>"; };
		B3019F811DC48FEF0062CF35 /* LiveViewController.h */ = {isa = PBXFileReference; fileEncoding = 4; lastKnownFileType = sourcecode.c.h; path = LiveViewController.h; sourceTree = "<group>"; };
		B3019F821DC48FEF0062CF35 /* LiveViewController.m */ = {isa = PBXFileReference; fileEncoding = 4; lastKnownFileType = sourcecode.c.objc; path = LiveViewController.m; sourceTree = "<group>"; };
		B3019F841DC4900A0062CF35 /* IMViewController.h */ = {isa = PBXFileReference; fileEncoding = 4; lastKnownFileType = sourcecode.c.h; path = IMViewController.h; sourceTree = "<group>"; };
		B3019F851DC4900A0062CF35 /* IMViewController.m */ = {isa = PBXFileReference; fileEncoding = 4; lastKnownFileType = sourcecode.c.objc; path = IMViewController.m; sourceTree = "<group>"; };
		B33909AE1DC5E1E800E6E3F5 /* PrefixHeader.pch */ = {isa = PBXFileReference; lastKnownFileType = sourcecode.c.h; path = PrefixHeader.pch; sourceTree = "<group>"; };
		B33909B11DC5E58800E6E3F5 /* ProgressHUD.bundle */ = {isa = PBXFileReference; lastKnownFileType = "wrapper.plug-in"; path = ProgressHUD.bundle; sourceTree = "<group>"; };
		B33909B21DC5E58800E6E3F5 /* ProgressHUD.h */ = {isa = PBXFileReference; fileEncoding = 4; lastKnownFileType = sourcecode.c.h; path = ProgressHUD.h; sourceTree = "<group>"; };
		B33909B31DC5E58800E6E3F5 /* ProgressHUD.m */ = {isa = PBXFileReference; fileEncoding = 4; lastKnownFileType = sourcecode.c.objc; path = ProgressHUD.m; sourceTree = "<group>"; };
		EFBCB0B11DC6015C0029648E /* UserInfoViewController.h */ = {isa = PBXFileReference; fileEncoding = 4; lastKnownFileType = sourcecode.c.h; path = UserInfoViewController.h; sourceTree = "<group>"; };
		EFBCB0B21DC6015C0029648E /* UserInfoViewController.m */ = {isa = PBXFileReference; fileEncoding = 4; lastKnownFileType = sourcecode.c.objc; path = UserInfoViewController.m; sourceTree = "<group>"; };
		EFBCB0B41DC602350029648E /* IconTableViewCell.h */ = {isa = PBXFileReference; fileEncoding = 4; lastKnownFileType = sourcecode.c.h; path = IconTableViewCell.h; sourceTree = "<group>"; };
		EFBCB0B51DC602350029648E /* IconTableViewCell.m */ = {isa = PBXFileReference; fileEncoding = 4; lastKnownFileType = sourcecode.c.objc; path = IconTableViewCell.m; sourceTree = "<group>"; };
		EFBCB0B61DC602350029648E /* IconTableViewCell.xib */ = {isa = PBXFileReference; fileEncoding = 4; lastKnownFileType = file.xib; path = IconTableViewCell.xib; sourceTree = "<group>"; };
		EFD7DF511DC4F6A0004022D8 /* dataArr.plist */ = {isa = PBXFileReference; fileEncoding = 4; lastKnownFileType = text.plist.xml; path = dataArr.plist; sourceTree = "<group>"; };
		EFD7DF611DC4FADA004022D8 /* MeMenu.h */ = {isa = PBXFileReference; fileEncoding = 4; lastKnownFileType = sourcecode.c.h; path = MeMenu.h; sourceTree = "<group>"; };
		EFD7DF621DC4FADA004022D8 /* MeMenu.m */ = {isa = PBXFileReference; fileEncoding = 4; lastKnownFileType = sourcecode.c.objc; path = MeMenu.m; sourceTree = "<group>"; };
		FCB6F4ADBF1AC4B27C9E3A61 /* libPods-iCode.a */ = {isa = PBXFileReference; explicitFileType = archive.ar; includeInIndex = 0; path = "libPods-iCode.a"; sourceTree = BUILT_PRODUCTS_DIR; };
/* End PBXFileReference section */

/* Begin PBXFrameworksBuildPhase section */
		B3019F501DC48C390062CF35 /* Frameworks */ = {
			isa = PBXFrameworksBuildPhase;
			buildActionMask = 2147483647;
			files = (
				D8823B94B7821388570A3A0F /* libPods-iCode.a in Frameworks */,
			);
			runOnlyForDeploymentPostprocessing = 0;
		};
/* End PBXFrameworksBuildPhase section */

/* Begin PBXGroup section */
		3570F268764F239CECF6EFA2 /* Frameworks */ = {
			isa = PBXGroup;
			children = (
				FCB6F4ADBF1AC4B27C9E3A61 /* libPods-iCode.a */,
			);
			name = Frameworks;
			sourceTree = "<group>";
		};
		70163A0C1DC71CC70025DAD7 /* Classes */ = {
			isa = PBXGroup;
			children = (
				70163A171DC71DB10025DAD7 /* Other */,
				70163A111DC71D660025DAD7 /* Live */,
				70163A0F1DC71D580025DAD7 /* IM */,
				70163A0E1DC71CDE0025DAD7 /* Code圈 */,
				70163A0D1DC71CDA0025DAD7 /* 我 */,
			);
			name = Classes;
			sourceTree = "<group>";
		};
		70163A0D1DC71CDA0025DAD7 /* 我 */ = {
			isa = PBXGroup;
			children = (
				70163A211DC71E0B0025DAD7 /* Model */,
				70163A231DC71E740025DAD7 /* View */,
				70163A201DC71E080025DAD7 /* Controller */,
			);
			name = "我";
			sourceTree = "<group>";
		};
		70163A0E1DC71CDE0025DAD7 /* Code圈 */ = {
			isa = PBXGroup;
			children = (
				70163A1E1DC71DF90025DAD7 /* Model */,
				70163A1D1DC71DF70025DAD7 /* View */,
				70163A1C1DC71DF20025DAD7 /* Controller */,
			);
			name = "Code圈";
			sourceTree = "<group>";
		};
		70163A0F1DC71D580025DAD7 /* IM */ = {
			isa = PBXGroup;
			children = (
				70163A1B1DC71DE50025DAD7 /* Model */,
				70163A1A1DC71DD20025DAD7 /* View */,
				70163A181DC71DCA0025DAD7 /* Controller */,
			);
			name = IM;
			sourceTree = "<group>";
		};
		70163A111DC71D660025DAD7 /* Live */ = {
			isa = PBXGroup;
			children = (
				70163A161DC71D960025DAD7 /* Model */,
				70163A151DC71D910025DAD7 /* View */,
				70163A141DC71D8D0025DAD7 /* Controller */,
			);
			name = Live;
			sourceTree = "<group>";
		};
		70163A141DC71D8D0025DAD7 /* Controller */ = {
			isa = PBXGroup;
			children = (
				B3019F811DC48FEF0062CF35 /* LiveViewController.h */,
				B3019F821DC48FEF0062CF35 /* LiveViewController.m */,
			);
			name = Controller;
			sourceTree = "<group>";
		};
		70163A151DC71D910025DAD7 /* View */ = {
			isa = PBXGroup;
			children = (
			);
			name = View;
			sourceTree = "<group>";
		};
		70163A161DC71D960025DAD7 /* Model */ = {
			isa = PBXGroup;
			children = (
			);
			name = Model;
			sourceTree = "<group>";
		};
		70163A171DC71DB10025DAD7 /* Other */ = {
			isa = PBXGroup;
			children = (
				B3019F591DC48C390062CF35 /* AppDelegate.h */,
				B3019F5A1DC48C390062CF35 /* AppDelegate.m */,
				70163A241DC71FFD0025DAD7 /* SLNavigationController */,
				B33909AF1DC5E52D00E6E3F5 /* 第三方 */,
				EFD7DF601DC4F9E8004022D8 /* Category(类别) */,
				B3019F6D1DC48C540062CF35 /* TabBar */,
				70A6D5581DC49BA100D8BC1D /* 登录 */,
			);
			name = Other;
			sourceTree = "<group>";
		};
		70163A181DC71DCA0025DAD7 /* Controller */ = {
			isa = PBXGroup;
			children = (
				B3019F841DC4900A0062CF35 /* IMViewController.h */,
				B3019F851DC4900A0062CF35 /* IMViewController.m */,
			);
			name = Controller;
			sourceTree = "<group>";
		};
		70163A1A1DC71DD20025DAD7 /* View */ = {
			isa = PBXGroup;
			children = (
			);
			name = View;
			sourceTree = "<group>";
		};
		70163A1B1DC71DE50025DAD7 /* Model */ = {
			isa = PBXGroup;
			children = (
			);
			name = Model;
			sourceTree = "<group>";
		};
		70163A1C1DC71DF20025DAD7 /* Controller */ = {
			isa = PBXGroup;
			children = (
				B3019F7E1DC48FE40062CF35 /* CodeViewController.h */,
				B3019F7F1DC48FE40062CF35 /* CodeViewController.m */,
			);
			name = Controller;
			sourceTree = "<group>";
		};
		70163A1D1DC71DF70025DAD7 /* View */ = {
			isa = PBXGroup;
			children = (
			);
			name = View;
			sourceTree = "<group>";
		};
		70163A1E1DC71DF90025DAD7 /* Model */ = {
			isa = PBXGroup;
			children = (
			);
			name = Model;
			sourceTree = "<group>";
		};
		70163A201DC71E080025DAD7 /* Controller */ = {
			isa = PBXGroup;
			children = (
				B3019F7B1DC48F730062CF35 /* MeViewController.h */,
				B3019F7C1DC48F730062CF35 /* MeViewController.m */,
				EFBCB0B11DC6015C0029648E /* UserInfoViewController.h */,
				EFBCB0B21DC6015C0029648E /* UserInfoViewController.m */,
			);
			name = Controller;
			sourceTree = "<group>";
		};
		70163A211DC71E0B0025DAD7 /* Model */ = {
			isa = PBXGroup;
			children = (
				EFD7DF611DC4FADA004022D8 /* MeMenu.h */,
				EFD7DF621DC4FADA004022D8 /* MeMenu.m */,
			);
			name = Model;
			sourceTree = "<group>";
		};
		70163A231DC71E740025DAD7 /* View */ = {
			isa = PBXGroup;
			children = (
				705E11121DC4BC1F007A6795 /* UserInfoTableViewCell.h */,
				705E11131DC4BC1F007A6795 /* UserInfoTableViewCell.m */,
				705E11141DC4BC1F007A6795 /* UserInfoTableViewCell.xib */,
				705E11171DC4C018007A6795 /* NomalTableViewCell.h */,
				705E11181DC4C018007A6795 /* NomalTableViewCell.m */,
				705E11191DC4C018007A6795 /* NomalTableViewCell.xib */,
				EFBCB0B41DC602350029648E /* IconTableViewCell.h */,
				EFBCB0B51DC602350029648E /* IconTableViewCell.m */,
				EFBCB0B61DC602350029648E /* IconTableViewCell.xib */,
			);
			name = View;
			sourceTree = "<group>";
		};
		70163A241DC71FFD0025DAD7 /* SLNavigationController */ = {
			isa = PBXGroup;
			children = (
				70163A251DC720290025DAD7 /* SLViewController.h */,
				70163A261DC720290025DAD7 /* SLViewController.m */,
			);
			name = SLNavigationController;
			sourceTree = "<group>";
		};
		70A6D5581DC49BA100D8BC1D /* 登录 */ = {
			isa = PBXGroup;
			children = (
				70A6D5591DC49BB800D8BC1D /* LoginViewController.h */,
				70A6D55A1DC49BB800D8BC1D /* LoginViewController.m */,
			);
			name = "登录";
			sourceTree = "<group>";
		};
		B3019F4A1DC48C390062CF35 = {
			isa = PBXGroup;
			children = (
				B3019F551DC48C390062CF35 /* iCode */,
				B3019F541DC48C390062CF35 /* Products */,
				E460E6DBCE68D822F632BC56 /* Pods */,
				3570F268764F239CECF6EFA2 /* Frameworks */,
			);
			sourceTree = "<group>";
		};
		B3019F541DC48C390062CF35 /* Products */ = {
			isa = PBXGroup;
			children = (
				B3019F531DC48C390062CF35 /* iCode.app */,
			);
			name = Products;
			sourceTree = "<group>";
		};
		B3019F551DC48C390062CF35 /* iCode */ = {
			isa = PBXGroup;
			children = (
				70163A0C1DC71CC70025DAD7 /* Classes */,
				B3019F561DC48C390062CF35 /* Supporting Files */,
			);
			path = iCode;
			sourceTree = "<group>";
		};
		B3019F561DC48C390062CF35 /* Supporting Files */ = {
			isa = PBXGroup;
			children = (
				B3019F641DC48C390062CF35 /* LaunchScreen.storyboard */,
				B3019F5F1DC48C390062CF35 /* Main.storyboard */,
				B3019F671DC48C390062CF35 /* Info.plist */,
				B3019F621DC48C390062CF35 /* Assets.xcassets */,
				B3019F571DC48C390062CF35 /* main.m */,
				EFD7DF511DC4F6A0004022D8 /* dataArr.plist */,
				B33909AE1DC5E1E800E6E3F5 /* PrefixHeader.pch */,
			);
			name = "Supporting Files";
			sourceTree = "<group>";
		};
		B3019F6D1DC48C540062CF35 /* TabBar */ = {
			isa = PBXGroup;
			children = (
				B3019F741DC48D190062CF35 /* LJTabBarController.h */,
				B3019F751DC48D190062CF35 /* LJTabBarController.m */,
				B3019F711DC48CD50062CF35 /* LJTaBar.h */,
				B3019F721DC48CD50062CF35 /* LJTaBar.m */,
			);
			name = TabBar;
			sourceTree = "<group>";
		};
		B33909AF1DC5E52D00E6E3F5 /* 第三方 */ = {
			isa = PBXGroup;
			children = (
				B33909B01DC5E58800E6E3F5 /* ProgressHUD */,
			);
			name = "第三方";
			sourceTree = "<group>";
		};
		B33909B01DC5E58800E6E3F5 /* ProgressHUD */ = {
			isa = PBXGroup;
			children = (
				B33909B11DC5E58800E6E3F5 /* ProgressHUD.bundle */,
				B33909B21DC5E58800E6E3F5 /* ProgressHUD.h */,
				B33909B31DC5E58800E6E3F5 /* ProgressHUD.m */,
			);
			path = ProgressHUD;
			sourceTree = "<group>";
		};
		E460E6DBCE68D822F632BC56 /* Pods */ = {
			isa = PBXGroup;
			children = (
				A4615F70D2BBE6A2ADFD15FB /* Pods-iCode.debug.xcconfig */,
				398143BAC19E9D699849AE46 /* Pods-iCode.release.xcconfig */,
			);
			name = Pods;
			sourceTree = "<group>";
		};
		EFD7DF601DC4F9E8004022D8 /* Category(类别) */ = {
			isa = PBXGroup;
			children = (
				B3019F6E1DC48C8C0062CF35 /* UIImage+image.h */,
				B3019F6F1DC48C8C0062CF35 /* UIImage+image.m */,
				70163A281DC723230025DAD7 /* UIColor+iCode.h */,
				70163A291DC723230025DAD7 /* UIColor+iCode.m */,
			);
			name = "Category(类别)";
			sourceTree = "<group>";
		};
/* End PBXGroup section */

/* Begin PBXNativeTarget section */
		B3019F521DC48C390062CF35 /* iCode */ = {
			isa = PBXNativeTarget;
			buildConfigurationList = B3019F6A1DC48C390062CF35 /* Build configuration list for PBXNativeTarget "iCode" */;
			buildPhases = (
				109BA4D61419E210B6F19D82 /* [CP] Check Pods Manifest.lock */,
				B3019F4F1DC48C390062CF35 /* Sources */,
				B3019F501DC48C390062CF35 /* Frameworks */,
				B3019F511DC48C390062CF35 /* Resources */,
				79E8C105D580819B4696ACC3 /* [CP] Embed Pods Frameworks */,
				57DAC6980AFF45851AE63BE6 /* [CP] Copy Pods Resources */,
			);
			buildRules = (
			);
			dependencies = (
			);
			name = iCode;
			productName = iCode;
			productReference = B3019F531DC48C390062CF35 /* iCode.app */;
			productType = "com.apple.product-type.application";
		};
/* End PBXNativeTarget section */

/* Begin PBXProject section */
		B3019F4B1DC48C390062CF35 /* Project object */ = {
			isa = PBXProject;
			attributes = {
				LastUpgradeCheck = 0810;
				ORGANIZATIONNAME = Mr.Nut;
				TargetAttributes = {
					B3019F521DC48C390062CF35 = {
						CreatedOnToolsVersion = 8.0;
						ProvisioningStyle = Automatic;
					};
				};
			};
			buildConfigurationList = B3019F4E1DC48C390062CF35 /* Build configuration list for PBXProject "iCode" */;
			compatibilityVersion = "Xcode 3.2";
			developmentRegion = English;
			hasScannedForEncodings = 0;
			knownRegions = (
				en,
				Base,
			);
			mainGroup = B3019F4A1DC48C390062CF35;
			productRefGroup = B3019F541DC48C390062CF35 /* Products */;
			projectDirPath = "";
			projectRoot = "";
			targets = (
				B3019F521DC48C390062CF35 /* iCode */,
			);
		};
/* End PBXProject section */

/* Begin PBXResourcesBuildPhase section */
		B3019F511DC48C390062CF35 /* Resources */ = {
			isa = PBXResourcesBuildPhase;
			buildActionMask = 2147483647;
			files = (
				EFD7DF521DC4F6A0004022D8 /* dataArr.plist in Resources */,
				705E11161DC4BC1F007A6795 /* UserInfoTableViewCell.xib in Resources */,
				EFBCB0B81DC602350029648E /* IconTableViewCell.xib in Resources */,
				B33909B41DC5E58800E6E3F5 /* ProgressHUD.bundle in Resources */,
				705E111B1DC4C018007A6795 /* NomalTableViewCell.xib in Resources */,
				B3019F661DC48C390062CF35 /* LaunchScreen.storyboard in Resources */,
				B3019F631DC48C390062CF35 /* Assets.xcassets in Resources */,
				B3019F611DC48C390062CF35 /* Main.storyboard in Resources */,
			);
			runOnlyForDeploymentPostprocessing = 0;
		};
/* End PBXResourcesBuildPhase section */

/* Begin PBXShellScriptBuildPhase section */
		109BA4D61419E210B6F19D82 /* [CP] Check Pods Manifest.lock */ = {
			isa = PBXShellScriptBuildPhase;
			buildActionMask = 2147483647;
			files = (
			);
			inputPaths = (
			);
			name = "[CP] Check Pods Manifest.lock";
			outputPaths = (
			);
			runOnlyForDeploymentPostprocessing = 0;
			shellPath = /bin/sh;
			shellScript = "diff \"${PODS_ROOT}/../Podfile.lock\" \"${PODS_ROOT}/Manifest.lock\" > /dev/null\nif [ $? != 0 ] ; then\n    # print error to STDERR\n    echo \"error: The sandbox is not in sync with the Podfile.lock. Run 'pod install' or update your CocoaPods installation.\" >&2\n    exit 1\nfi\n";
			showEnvVarsInLog = 0;
		};
		57DAC6980AFF45851AE63BE6 /* [CP] Copy Pods Resources */ = {
			isa = PBXShellScriptBuildPhase;
			buildActionMask = 2147483647;
			files = (
			);
			inputPaths = (
			);
			name = "[CP] Copy Pods Resources";
			outputPaths = (
			);
			runOnlyForDeploymentPostprocessing = 0;
			shellPath = /bin/sh;
			shellScript = "\"${SRCROOT}/Pods/Target Support Files/Pods-iCode/Pods-iCode-resources.sh\"\n";
			showEnvVarsInLog = 0;
		};
		79E8C105D580819B4696ACC3 /* [CP] Embed Pods Frameworks */ = {
			isa = PBXShellScriptBuildPhase;
			buildActionMask = 2147483647;
			files = (
			);
			inputPaths = (
			);
			name = "[CP] Embed Pods Frameworks";
			outputPaths = (
			);
			runOnlyForDeploymentPostprocessing = 0;
			shellPath = /bin/sh;
			shellScript = "\"${SRCROOT}/Pods/Target Support Files/Pods-iCode/Pods-iCode-frameworks.sh\"\n";
			showEnvVarsInLog = 0;
		};
/* End PBXShellScriptBuildPhase section */

/* Begin PBXSourcesBuildPhase section */
		B3019F4F1DC48C390062CF35 /* Sources */ = {
			isa = PBXSourcesBuildPhase;
			buildActionMask = 2147483647;
			files = (
				70163A2A1DC723230025DAD7 /* UIColor+iCode.m in Sources */,
				B3019F731DC48CD50062CF35 /* LJTaBar.m in Sources */,
				B3019F801DC48FE40062CF35 /* CodeViewController.m in Sources */,
				B3019F7D1DC48F730062CF35 /* MeViewController.m in Sources */,
				B3019F701DC48C8C0062CF35 /* UIImage+image.m in Sources */,
				70A6D55B1DC49BB800D8BC1D /* LoginViewController.m in Sources */,
				EFBCB0B31DC6015C0029648E /* UserInfoViewController.m in Sources */,
				EFD7DF631DC4FADA004022D8 /* MeMenu.m in Sources */,
				B3019F5B1DC48C390062CF35 /* AppDelegate.m in Sources */,
				B3019F831DC48FEF0062CF35 /* LiveViewController.m in Sources */,
				B3019F581DC48C390062CF35 /* main.m in Sources */,
				EFBCB0B71DC602350029648E /* IconTableViewCell.m in Sources */,
				B3019F861DC4900A0062CF35 /* IMViewController.m in Sources */,
				B33909B51DC5E58800E6E3F5 /* ProgressHUD.m in Sources */,
				705E111A1DC4C018007A6795 /* NomalTableViewCell.m in Sources */,
				705E11151DC4BC1F007A6795 /* UserInfoTableViewCell.m in Sources */,
				70163A271DC720290025DAD7 /* SLViewController.m in Sources */,
				B3019F761DC48D190062CF35 /* LJTabBarController.m in Sources */,
			);
			runOnlyForDeploymentPostprocessing = 0;
		};
/* End PBXSourcesBuildPhase section */

/* Begin PBXVariantGroup section */
		B3019F5F1DC48C390062CF35 /* Main.storyboard */ = {
			isa = PBXVariantGroup;
			children = (
				B3019F601DC48C390062CF35 /* Base */,
			);
			name = Main.storyboard;
			sourceTree = "<group>";
		};
		B3019F641DC48C390062CF35 /* LaunchScreen.storyboard */ = {
			isa = PBXVariantGroup;
			children = (
				B3019F651DC48C390062CF35 /* Base */,
			);
			name = LaunchScreen.storyboard;
			sourceTree = "<group>";
		};
/* End PBXVariantGroup section */

/* Begin XCBuildConfiguration section */
		B3019F681DC48C390062CF35 /* Debug */ = {
			isa = XCBuildConfiguration;
			buildSettings = {
				ALWAYS_SEARCH_USER_PATHS = NO;
				CLANG_ANALYZER_NONNULL = YES;
				CLANG_CXX_LANGUAGE_STANDARD = "gnu++0x";
				CLANG_CXX_LIBRARY = "libc++";
				CLANG_ENABLE_MODULES = YES;
				CLANG_ENABLE_OBJC_ARC = YES;
				CLANG_WARN_BOOL_CONVERSION = YES;
				CLANG_WARN_CONSTANT_CONVERSION = YES;
				CLANG_WARN_DIRECT_OBJC_ISA_USAGE = YES_ERROR;
				CLANG_WARN_DOCUMENTATION_COMMENTS = YES;
				CLANG_WARN_EMPTY_BODY = YES;
				CLANG_WARN_ENUM_CONVERSION = YES;
				CLANG_WARN_INFINITE_RECURSION = YES;
				CLANG_WARN_INT_CONVERSION = YES;
				CLANG_WARN_OBJC_ROOT_CLASS = YES_ERROR;
				CLANG_WARN_SUSPICIOUS_MOVE = YES;
				CLANG_WARN_SUSPICIOUS_MOVES = YES;
				CLANG_WARN_UNREACHABLE_CODE = YES;
				CLANG_WARN__DUPLICATE_METHOD_MATCH = YES;
				"CODE_SIGN_IDENTITY[sdk=iphoneos*]" = "iPhone Developer";
				COPY_PHASE_STRIP = NO;
				DEBUG_INFORMATION_FORMAT = dwarf;
				ENABLE_STRICT_OBJC_MSGSEND = YES;
				ENABLE_TESTABILITY = YES;
				GCC_C_LANGUAGE_STANDARD = gnu99;
				GCC_DYNAMIC_NO_PIC = NO;
				GCC_NO_COMMON_BLOCKS = YES;
				GCC_OPTIMIZATION_LEVEL = 0;
				GCC_PREPROCESSOR_DEFINITIONS = (
					"DEBUG=1",
					"$(inherited)",
				);
				GCC_WARN_64_TO_32_BIT_CONVERSION = YES;
				GCC_WARN_ABOUT_RETURN_TYPE = YES_ERROR;
				GCC_WARN_UNDECLARED_SELECTOR = YES;
				GCC_WARN_UNINITIALIZED_AUTOS = YES_AGGRESSIVE;
				GCC_WARN_UNUSED_FUNCTION = YES;
				GCC_WARN_UNUSED_VARIABLE = YES;
				IPHONEOS_DEPLOYMENT_TARGET = 10.0;
				MTL_ENABLE_DEBUG_INFO = YES;
				ONLY_ACTIVE_ARCH = YES;
				SDKROOT = iphoneos;
				TARGETED_DEVICE_FAMILY = "1,2";
			};
			name = Debug;
		};
		B3019F691DC48C390062CF35 /* Release */ = {
			isa = XCBuildConfiguration;
			buildSettings = {
				ALWAYS_SEARCH_USER_PATHS = NO;
				CLANG_ANALYZER_NONNULL = YES;
				CLANG_CXX_LANGUAGE_STANDARD = "gnu++0x";
				CLANG_CXX_LIBRARY = "libc++";
				CLANG_ENABLE_MODULES = YES;
				CLANG_ENABLE_OBJC_ARC = YES;
				CLANG_WARN_BOOL_CONVERSION = YES;
				CLANG_WARN_CONSTANT_CONVERSION = YES;
				CLANG_WARN_DIRECT_OBJC_ISA_USAGE = YES_ERROR;
				CLANG_WARN_DOCUMENTATION_COMMENTS = YES;
				CLANG_WARN_EMPTY_BODY = YES;
				CLANG_WARN_ENUM_CONVERSION = YES;
				CLANG_WARN_INFINITE_RECURSION = YES;
				CLANG_WARN_INT_CONVERSION = YES;
				CLANG_WARN_OBJC_ROOT_CLASS = YES_ERROR;
				CLANG_WARN_SUSPICIOUS_MOVE = YES;
				CLANG_WARN_SUSPICIOUS_MOVES = YES;
				CLANG_WARN_UNREACHABLE_CODE = YES;
				CLANG_WARN__DUPLICATE_METHOD_MATCH = YES;
				"CODE_SIGN_IDENTITY[sdk=iphoneos*]" = "iPhone Developer";
				COPY_PHASE_STRIP = NO;
				DEBUG_INFORMATION_FORMAT = "dwarf-with-dsym";
				ENABLE_NS_ASSERTIONS = NO;
				ENABLE_STRICT_OBJC_MSGSEND = YES;
				GCC_C_LANGUAGE_STANDARD = gnu99;
				GCC_NO_COMMON_BLOCKS = YES;
				GCC_WARN_64_TO_32_BIT_CONVERSION = YES;
				GCC_WARN_ABOUT_RETURN_TYPE = YES_ERROR;
				GCC_WARN_UNDECLARED_SELECTOR = YES;
				GCC_WARN_UNINITIALIZED_AUTOS = YES_AGGRESSIVE;
				GCC_WARN_UNUSED_FUNCTION = YES;
				GCC_WARN_UNUSED_VARIABLE = YES;
				IPHONEOS_DEPLOYMENT_TARGET = 10.0;
				MTL_ENABLE_DEBUG_INFO = NO;
				SDKROOT = iphoneos;
				TARGETED_DEVICE_FAMILY = "1,2";
				VALIDATE_PRODUCT = YES;
			};
			name = Release;
		};
		B3019F6B1DC48C390062CF35 /* Debug */ = {
			isa = XCBuildConfiguration;
			baseConfigurationReference = A4615F70D2BBE6A2ADFD15FB /* Pods-iCode.debug.xcconfig */;
			buildSettings = {
				ASSETCATALOG_COMPILER_APPICON_NAME = AppIcon;
				GCC_PREFIX_HEADER = iCode/PrefixHeader.pch;
				INFOPLIST_FILE = iCode/Info.plist;
				LD_RUNPATH_SEARCH_PATHS = "$(inherited) @executable_path/Frameworks";
				PRODUCT_BUNDLE_IDENTIFIER = NewThread.iCode;
				PRODUCT_NAME = "$(TARGET_NAME)";
			};
			name = Debug;
		};
		B3019F6C1DC48C390062CF35 /* Release */ = {
			isa = XCBuildConfiguration;
			baseConfigurationReference = 398143BAC19E9D699849AE46 /* Pods-iCode.release.xcconfig */;
			buildSettings = {
				ASSETCATALOG_COMPILER_APPICON_NAME = AppIcon;
				GCC_PREFIX_HEADER = iCode/PrefixHeader.pch;
				INFOPLIST_FILE = iCode/Info.plist;
				LD_RUNPATH_SEARCH_PATHS = "$(inherited) @executable_path/Frameworks";
				PRODUCT_BUNDLE_IDENTIFIER = NewThread.iCode;
				PRODUCT_NAME = "$(TARGET_NAME)";
			};
			name = Release;
		};
/* End XCBuildConfiguration section */

/* Begin XCConfigurationList section */
		B3019F4E1DC48C390062CF35 /* Build configuration list for PBXProject "iCode" */ = {
			isa = XCConfigurationList;
			buildConfigurations = (
				B3019F681DC48C390062CF35 /* Debug */,
				B3019F691DC48C390062CF35 /* Release */,
			);
			defaultConfigurationIsVisible = 0;
			defaultConfigurationName = Release;
		};
		B3019F6A1DC48C390062CF35 /* Build configuration list for PBXNativeTarget "iCode" */ = {
			isa = XCConfigurationList;
			buildConfigurations = (
				B3019F6B1DC48C390062CF35 /* Debug */,
				B3019F6C1DC48C390062CF35 /* Release */,
			);
			defaultConfigurationIsVisible = 0;
			defaultConfigurationName = Release;
		};
/* End XCConfigurationList section */
	};
	rootObject = B3019F4B1DC48C390062CF35 /* Project object */;
}
